// !$*UTF8*$!
{
	archiveVersion = 1;
	classes = {
	};
	objectVersion = 48;
	objects = {

/* Begin PBXBuildFile section */
		080C67591F85FCA90073162C /* AppDelegate.swift in Sources */ = {isa = PBXBuildFile; fileRef = 080C67581F85FCA90073162C /* AppDelegate.swift */; };
		080C675B1F85FCA90073162C /* ViewController.swift in Sources */ = {isa = PBXBuildFile; fileRef = 080C675A1F85FCA90073162C /* ViewController.swift */; };
		080C675E1F85FCA90073162C /* Main.storyboard in Resources */ = {isa = PBXBuildFile; fileRef = 080C675C1F85FCA90073162C /* Main.storyboard */; };
		080C67601F85FCAA0073162C /* Assets.xcassets in Resources */ = {isa = PBXBuildFile; fileRef = 080C675F1F85FCAA0073162C /* Assets.xcassets */; };
		080C67631F85FCAA0073162C /* LaunchScreen.storyboard in Resources */ = {isa = PBXBuildFile; fileRef = 080C67611F85FCAA0073162C /* LaunchScreen.storyboard */; };
		080C676E1F85FCAA0073162C /* SmackChatTests.swift in Sources */ = {isa = PBXBuildFile; fileRef = 080C676D1F85FCAA0073162C /* SmackChatTests.swift */; };
		080C67791F85FCAA0073162C /* SmackChatUITests.swift in Sources */ = {isa = PBXBuildFile; fileRef = 080C67781F85FCAA0073162C /* SmackChatUITests.swift */; };
/* End PBXBuildFile section */

/* Begin PBXContainerItemProxy section */
		080C676A1F85FCAA0073162C /* PBXContainerItemProxy */ = {
			isa = PBXContainerItemProxy;
			containerPortal = 080C674D1F85FCA90073162C /* Project object */;
			proxyType = 1;
			remoteGlobalIDString = 080C67541F85FCA90073162C;
			remoteInfo = SmackChat;
		};
		080C67751F85FCAA0073162C /* PBXContainerItemProxy */ = {
			isa = PBXContainerItemProxy;
			containerPortal = 080C674D1F85FCA90073162C /* Project object */;
			proxyType = 1;
			remoteGlobalIDString = 080C67541F85FCA90073162C;
			remoteInfo = SmackChat;
		};
/* End PBXContainerItemProxy section */

/* Begin PBXFileReference section */
		080C67551F85FCA90073162C /* SmackChat.app */ = {isa = PBXFileReference; explicitFileType = wrapper.application; includeInIndex = 0; path = SmackChat.app; sourceTree = BUILT_PRODUCTS_DIR; };
		080C67581F85FCA90073162C /* AppDelegate.swift */ = {isa = PBXFileReference; lastKnownFileType = sourcecode.swift; path = AppDelegate.swift; sourceTree = "<group>"; };
		080C675A1F85FCA90073162C /* ViewController.swift */ = {isa = PBXFileReference; lastKnownFileType = sourcecode.swift; path = ViewController.swift; sourceTree = "<group>"; };
		080C675D1F85FCA90073162C /* Base */ = {isa = PBXFileReference; lastKnownFileType = file.storyboard; name = Base; path = Base.lproj/Main.storyboard; sourceTree = "<group>"; };
		080C675F1F85FCAA0073162C /* Assets.xcassets */ = {isa = PBXFileReference; lastKnownFileType = folder.assetcatalog; path = Assets.xcassets; sourceTree = "<group>"; };
		080C67621F85FCAA0073162C /* Base */ = {isa = PBXFileReference; lastKnownFileType = file.storyboard; name = Base; path = Base.lproj/LaunchScreen.storyboard; sourceTree = "<group>"; };
		080C67641F85FCAA0073162C /* Info.plist */ = {isa = PBXFileReference; lastKnownFileType = text.plist.xml; path = Info.plist; sourceTree = "<group>"; };
		080C67691F85FCAA0073162C /* SmackChatTests.xctest */ = {isa = PBXFileReference; explicitFileType = wrapper.cfbundle; includeInIndex = 0; path = SmackChatTests.xctest; sourceTree = BUILT_PRODUCTS_DIR; };
		080C676D1F85FCAA0073162C /* SmackChatTests.swift */ = {isa = PBXFileReference; lastKnownFileType = sourcecode.swift; path = SmackChatTests.swift; sourceTree = "<group>"; };
		080C676F1F85FCAA0073162C /* Info.plist */ = {isa = PBXFileReference; lastKnownFileType = text.plist.xml; path = Info.plist; sourceTree = "<group>"; };
		080C67741F85FCAA0073162C /* SmackChatUITests.xctest */ = {isa = PBXFileReference; explicitFileType = wrapper.cfbundle; includeInIndex = 0; path = SmackChatUITests.xctest; sourceTree = BUILT_PRODUCTS_DIR; };
		080C67781F85FCAA0073162C /* SmackChatUITests.swift */ = {isa = PBXFileReference; lastKnownFileType = sourcecode.swift; path = SmackChatUITests.swift; sourceTree = "<group>"; };
		080C677A1F85FCAA0073162C /* Info.plist */ = {isa = PBXFileReference; lastKnownFileType = text.plist.xml; path = Info.plist; sourceTree = "<group>"; };
/* End PBXFileReference section */

/* Begin PBXFrameworksBuildPhase section */
		080C67521F85FCA90073162C /* Frameworks */ = {
			isa = PBXFrameworksBuildPhase;
			buildActionMask = 2147483647;
			files = (
			);
			runOnlyForDeploymentPostprocessing = 0;
		};
		080C67661F85FCAA0073162C /* Frameworks */ = {
			isa = PBXFrameworksBuildPhase;
			buildActionMask = 2147483647;
			files = (
			);
			runOnlyForDeploymentPostprocessing = 0;
		};
		080C67711F85FCAA0073162C /* Frameworks */ = {
			isa = PBXFrameworksBuildPhase;
			buildActionMask = 2147483647;
			files = (
			);
			runOnlyForDeploymentPostprocessing = 0;
		};
/* End PBXFrameworksBuildPhase section */

/* Begin PBXGroup section */
		080C674C1F85FCA90073162C = {
			isa = PBXGroup;
			children = (
				080C67571F85FCA90073162C /* SmackChat */,
				080C676C1F85FCAA0073162C /* SmackChatTests */,
				080C67771F85FCAA0073162C /* SmackChatUITests */,
				080C67561F85FCA90073162C /* Products */,
			);
			sourceTree = "<group>";
		};
		080C67561F85FCA90073162C /* Products */ = {
			isa = PBXGroup;
			children = (
				080C67551F85FCA90073162C /* SmackChat.app */,
				080C67691F85FCAA0073162C /* SmackChatTests.xctest */,
				080C67741F85FCAA0073162C /* SmackChatUITests.xctest */,
			);
			name = Products;
			sourceTree = "<group>";
		};
		080C67571F85FCA90073162C /* SmackChat */ = {
			isa = PBXGroup;
			children = (
				080C67581F85FCA90073162C /* AppDelegate.swift */,
				080C675A1F85FCA90073162C /* ViewController.swift */,
				080C675C1F85FCA90073162C /* Main.storyboard */,
				080C675F1F85FCAA0073162C /* Assets.xcassets */,
				080C67611F85FCAA0073162C /* LaunchScreen.storyboard */,
				080C67641F85FCAA0073162C /* Info.plist */,
			);
			path = SmackChat;
			sourceTree = "<group>";
		};
		080C676C1F85FCAA0073162C /* SmackChatTests */ = {
			isa = PBXGroup;
			children = (
				080C676D1F85FCAA0073162C /* SmackChatTests.swift */,
				080C676F1F85FCAA0073162C /* Info.plist */,
			);
			path = SmackChatTests;
			sourceTree = "<group>";
		};
		080C67771F85FCAA0073162C /* SmackChatUITests */ = {
			isa = PBXGroup;
			children = (
				080C67781F85FCAA0073162C /* SmackChatUITests.swift */,
				080C677A1F85FCAA0073162C /* Info.plist */,
			);
			path = SmackChatUITests;
			sourceTree = "<group>";
		};
/* End PBXGroup section */

/* Begin PBXNativeTarget section */
		080C67541F85FCA90073162C /* SmackChat */ = {
			isa = PBXNativeTarget;
			buildConfigurationList = 080C677D1F85FCAA0073162C /* Build configuration list for PBXNativeTarget "SmackChat" */;
			buildPhases = (
				080C67511F85FCA90073162C /* Sources */,
				080C67521F85FCA90073162C /* Frameworks */,
				080C67531F85FCA90073162C /* Resources */,
			);
			buildRules = (
			);
			dependencies = (
			);
			name = SmackChat;
			productName = SmackChat;
			productReference = 080C67551F85FCA90073162C /* SmackChat.app */;
			productType = "com.apple.product-type.application";
		};
		080C67681F85FCAA0073162C /* SmackChatTests */ = {
			isa = PBXNativeTarget;
			buildConfigurationList = 080C67801F85FCAA0073162C /* Build configuration list for PBXNativeTarget "SmackChatTests" */;
			buildPhases = (
				080C67651F85FCAA0073162C /* Sources */,
				080C67661F85FCAA0073162C /* Frameworks */,
				080C67671F85FCAA0073162C /* Resources */,
			);
			buildRules = (
			);
			dependencies = (
				080C676B1F85FCAA0073162C /* PBXTargetDependency */,
			);
			name = SmackChatTests;
			productName = SmackChatTests;
			productReference = 080C67691F85FCAA0073162C /* SmackChatTests.xctest */;
			productType = "com.apple.product-type.bundle.unit-test";
		};
		080C67731F85FCAA0073162C /* SmackChatUITests */ = {
			isa = PBXNativeTarget;
			buildConfigurationList = 080C67831F85FCAA0073162C /* Build configuration list for PBXNativeTarget "SmackChatUITests" */;
			buildPhases = (
				080C67701F85FCAA0073162C /* Sources */,
				080C67711F85FCAA0073162C /* Frameworks */,
				080C67721F85FCAA0073162C /* Resources */,
			);
			buildRules = (
			);
			dependencies = (
				080C67761F85FCAA0073162C /* PBXTargetDependency */,
			);
			name = SmackChatUITests;
			productName = SmackChatUITests;
			productReference = 080C67741F85FCAA0073162C /* SmackChatUITests.xctest */;
			productType = "com.apple.product-type.bundle.ui-testing";
		};
/* End PBXNativeTarget section */

/* Begin PBXProject section */
		080C674D1F85FCA90073162C /* Project object */ = {
			isa = PBXProject;
			attributes = {
				LastSwiftUpdateCheck = 0900;
				LastUpgradeCheck = 0900;
				ORGANIZATIONNAME = "Tina Su";
				TargetAttributes = {
					080C67541F85FCA90073162C = {
						CreatedOnToolsVersion = 9.0;
						ProvisioningStyle = Automatic;
					};
					080C67681F85FCAA0073162C = {
						CreatedOnToolsVersion = 9.0;
						ProvisioningStyle = Automatic;
						TestTargetID = 080C67541F85FCA90073162C;
					};
					080C67731F85FCAA0073162C = {
						CreatedOnToolsVersion = 9.0;
						ProvisioningStyle = Automatic;
						TestTargetID = 080C67541F85FCA90073162C;
					};
				};
			};
			buildConfigurationList = 080C67501F85FCA90073162C /* Build configuration list for PBXProject "SmackChat" */;
			compatibilityVersion = "Xcode 8.0";
			developmentRegion = en;
			hasScannedForEncodings = 0;
			knownRegions = (
				en,
				Base,
			);
			mainGroup = 080C674C1F85FCA90073162C;
			productRefGroup = 080C67561F85FCA90073162C /* Products */;
			projectDirPath = "";
			projectRoot = "";
			targets = (
				080C67541F85FCA90073162C /* SmackChat */,
				080C67681F85FCAA0073162C /* SmackChatTests */,
				080C67731F85FCAA0073162C /* SmackChatUITests */,
			);
		};
/* End PBXProject section */

/* Begin PBXResourcesBuildPhase section */
		080C67531F85FCA90073162C /* Resources */ = {
			isa = PBXResourcesBuildPhase;
			buildActionMask = 2147483647;
			files = (
				080C67631F85FCAA0073162C /* LaunchScreen.storyboard in Resources */,
				080C67601F85FCAA0073162C /* Assets.xcassets in Resources */,
				080C675E1F85FCA90073162C /* Main.storyboard in Resources */,
			);
			runOnlyForDeploymentPostprocessing = 0;
		};
		080C67671F85FCAA0073162C /* Resources */ = {
			isa = PBXResourcesBuildPhase;
			buildActionMask = 2147483647;
			files = (
			);
			runOnlyForDeploymentPostprocessing = 0;
		};
		080C67721F85FCAA0073162C /* Resources */ = {
			isa = PBXResourcesBuildPhase;
			buildActionMask = 2147483647;
			files = (
			);
			runOnlyForDeploymentPostprocessing = 0;
		};
/* End PBXResourcesBuildPhase section */

/* Begin PBXSourcesBuildPhase section */
		080C67511F85FCA90073162C /* Sources */ = {
			isa = PBXSourcesBuildPhase;
			buildActionMask = 2147483647;
			files = (
				080C675B1F85FCA90073162C /* ViewController.swift in Sources */,
				080C67591F85FCA90073162C /* AppDelegate.swift in Sources */,
			);
			runOnlyForDeploymentPostprocessing = 0;
		};
		080C67651F85FCAA0073162C /* Sources */ = {
			isa = PBXSourcesBuildPhase;
			buildActionMask = 2147483647;
			files = (
				080C676E1F85FCAA0073162C /* SmackChatTests.swift in Sources */,
			);
			runOnlyForDeploymentPostprocessing = 0;
		};
		080C67701F85FCAA0073162C /* Sources */ = {
			isa = PBXSourcesBuildPhase;
			buildActionMask = 2147483647;
			files = (
				080C67791F85FCAA0073162C /* SmackChatUITests.swift in Sources */,
			);
			runOnlyForDeploymentPostprocessing = 0;
		};
/* End PBXSourcesBuildPhase section */

/* Begin PBXTargetDependency section */
		080C676B1F85FCAA0073162C /* PBXTargetDependency */ = {
			isa = PBXTargetDependency;
			target = 080C67541F85FCA90073162C /* SmackChat */;
			targetProxy = 080C676A1F85FCAA0073162C /* PBXContainerItemProxy */;
		};
		080C67761F85FCAA0073162C /* PBXTargetDependency */ = {
			isa = PBXTargetDependency;
			target = 080C67541F85FCA90073162C /* SmackChat */;
			targetProxy = 080C67751F85FCAA0073162C /* PBXContainerItemProxy */;
		};
/* End PBXTargetDependency section */

/* Begin PBXVariantGroup section */
		080C675C1F85FCA90073162C /* Main.storyboard */ = {
			isa = PBXVariantGroup;
			children = (
				080C675D1F85FCA90073162C /* Base */,
			);
			name = Main.storyboard;
			sourceTree = "<group>";
		};
		080C67611F85FCAA0073162C /* LaunchScreen.storyboard */ = {
			isa = PBXVariantGroup;
			children = (
				080C67621F85FCAA0073162C /* Base */,
			);
			name = LaunchScreen.storyboard;
			sourceTree = "<group>";
		};
/* End PBXVariantGroup section */

/* Begin XCBuildConfiguration section */
		080C677B1F85FCAA0073162C /* Debug */ = {
			isa = XCBuildConfiguration;
			buildSettings = {
				ALWAYS_SEARCH_USER_PATHS = NO;
				CLANG_ANALYZER_NONNULL = YES;
				CLANG_ANALYZER_NUMBER_OBJECT_CONVERSION = YES_AGGRESSIVE;
				CLANG_CXX_LANGUAGE_STANDARD = "gnu++14";
				CLANG_CXX_LIBRARY = "libc++";
				CLANG_ENABLE_MODULES = YES;
				CLANG_ENABLE_OBJC_ARC = YES;
				CLANG_WARN_BLOCK_CAPTURE_AUTORELEASING = YES;
				CLANG_WARN_BOOL_CONVERSION = YES;
				CLANG_WARN_COMMA = YES;
				CLANG_WARN_CONSTANT_CONVERSION = YES;
				CLANG_WARN_DIRECT_OBJC_ISA_USAGE = YES_ERROR;
				CLANG_WARN_DOCUMENTATION_COMMENTS = YES;
				CLANG_WARN_EMPTY_BODY = YES;
				CLANG_WARN_ENUM_CONVERSION = YES;
				CLANG_WARN_INFINITE_RECURSION = YES;
				CLANG_WARN_INT_CONVERSION = YES;
				CLANG_WARN_NON_LITERAL_NULL_CONVERSION = YES;
				CLANG_WARN_OBJC_LITERAL_CONVERSION = YES;
				CLANG_WARN_OBJC_ROOT_CLASS = YES_ERROR;
				CLANG_WARN_RANGE_LOOP_ANALYSIS = YES;
				CLANG_WARN_STRICT_PROTOTYPES = YES;
				CLANG_WARN_SUSPICIOUS_MOVE = YES;
				CLANG_WARN_UNGUARDED_AVAILABILITY = YES_AGGRESSIVE;
				CLANG_WARN_UNREACHABLE_CODE = YES;
				CLANG_WARN__DUPLICATE_METHOD_MATCH = YES;
				CODE_SIGN_IDENTITY = "iPhone Developer";
				COPY_PHASE_STRIP = NO;
				DEBUG_INFORMATION_FORMAT = dwarf;
				ENABLE_STRICT_OBJC_MSGSEND = YES;
				ENABLE_TESTABILITY = YES;
				GCC_C_LANGUAGE_STANDARD = gnu11;
				GCC_DYNAMIC_NO_PIC = NO;
				GCC_NO_COMMON_BLOCKS = YES;
				GCC_OPTIMIZATION_LEVEL = 0;
				GCC_PREPROCESSOR_DEFINITIONS = (
					"DEBUG=1",
					"$(inherited)",
				);
				GCC_WARN_64_TO_32_BIT_CONVERSION = YES;
				GCC_WARN_ABOUT_RETURN_TYPE = YES_ERROR;
				GCC_WARN_UNDECLARED_SELECTOR = YES;
				GCC_WARN_UNINITIALIZED_AUTOS = YES_AGGRESSIVE;
				GCC_WARN_UNUSED_FUNCTION = YES;
				GCC_WARN_UNUSED_VARIABLE = YES;
				IPHONEOS_DEPLOYMENT_TARGET = 11.0;
				MTL_ENABLE_DEBUG_INFO = YES;
				ONLY_ACTIVE_ARCH = YES;
				SDKROOT = iphoneos;
				SWIFT_ACTIVE_COMPILATION_CONDITIONS = DEBUG;
				SWIFT_OPTIMIZATION_LEVEL = "-Onone";
			};
			name = Debug;
		};
		080C677C1F85FCAA0073162C /* Release */ = {
			isa = XCBuildConfiguration;
			buildSettings = {
				ALWAYS_SEARCH_USER_PATHS = NO;
				CLANG_ANALYZER_NONNULL = YES;
				CLANG_ANALYZER_NUMBER_OBJECT_CONVERSION = YES_AGGRESSIVE;
				CLANG_CXX_LANGUAGE_STANDARD = "gnu++14";
				CLANG_CXX_LIBRARY = "libc++";
				CLANG_ENABLE_MODULES = YES;
				CLANG_ENABLE_OBJC_ARC = YES;
				CLANG_WARN_BLOCK_CAPTURE_AUTORELEASING = YES;
				CLANG_WARN_BOOL_CONVERSION = YES;
				CLANG_WARN_COMMA = YES;
				CLANG_WARN_CONSTANT_CONVERSION = YES;
				CLANG_WARN_DIRECT_OBJC_ISA_USAGE = YES_ERROR;
				CLANG_WARN_DOCUMENTATION_COMMENTS = YES;
				CLANG_WARN_EMPTY_BODY = YES;
				CLANG_WARN_ENUM_CONVERSION = YES;
				CLANG_WARN_INFINITE_RECURSION = YES;
				CLANG_WARN_INT_CONVERSION = YES;
				CLANG_WARN_NON_LITERAL_NULL_CONVERSION = YES;
				CLANG_WARN_OBJC_LITERAL_CONVERSION = YES;
				CLANG_WARN_OBJC_ROOT_CLASS = YES_ERROR;
				CLANG_WARN_RANGE_LOOP_ANALYSIS = YES;
				CLANG_WARN_STRICT_PROTOTYPES = YES;
				CLANG_WARN_SUSPICIOUS_MOVE = YES;
				CLANG_WARN_UNGUARDED_AVAILABILITY = YES_AGGRESSIVE;
				CLANG_WARN_UNREACHABLE_CODE = YES;
				CLANG_WARN__DUPLICATE_METHOD_MATCH = YES;
				CODE_SIGN_IDENTITY = "iPhone Developer";
				COPY_PHASE_STRIP = NO;
				DEBUG_INFORMATION_FORMAT = "dwarf-with-dsym";
				ENABLE_NS_ASSERTIONS = NO;
				ENABLE_STRICT_OBJC_MSGSEND = YES;
				GCC_C_LANGUAGE_STANDARD = gnu11;
				GCC_NO_COMMON_BLOCKS = YES;
				GCC_WARN_64_TO_32_BIT_CONVERSION = YES;
				GCC_WARN_ABOUT_RETURN_TYPE = YES_ERROR;
				GCC_WARN_UNDECLARED_SELECTOR = YES;
				GCC_WARN_UNINITIALIZED_AUTOS = YES_AGGRESSIVE;
				GCC_WARN_UNUSED_FUNCTION = YES;
				GCC_WARN_UNUSED_VARIABLE = YES;
				IPHONEOS_DEPLOYMENT_TARGET = 11.0;
				MTL_ENABLE_DEBUG_INFO = NO;
				SDKROOT = iphoneos;
				SWIFT_OPTIMIZATION_LEVEL = "-Owholemodule";
				VALIDATE_PRODUCT = YES;
			};
			name = Release;
		};
		080C677E1F85FCAA0073162C /* Debug */ = {
			isa = XCBuildConfiguration;
			buildSettings = {
				ASSETCATALOG_COMPILER_APPICON_NAME = AppIcon;
				CODE_SIGN_STYLE = Automatic;
				INFOPLIST_FILE = SmackChat/Info.plist;
				LD_RUNPATH_SEARCH_PATHS = "$(inherited) @executable_path/Frameworks";
				PRODUCT_BUNDLE_IDENTIFIER = TinaSu.SmackChat;
				PRODUCT_NAME = "$(TARGET_NAME)";
				SWIFT_VERSION = 4.0;
				TARGETED_DEVICE_FAMILY = "1,2";
			};
			name = Debug;
		};
		080C677F1F85FCAA0073162C /* Release */ = {
			isa = XCBuildConfiguration;
			buildSettings = {
				ASSETCATALOG_COMPILER_APPICON_NAME = AppIcon;
				CODE_SIGN_STYLE = Automatic;
				INFOPLIST_FILE = SmackChat/Info.plist;
				LD_RUNPATH_SEARCH_PATHS = "$(inherited) @executable_path/Frameworks";
				PRODUCT_BUNDLE_IDENTIFIER = TinaSu.SmackChat;
				PRODUCT_NAME = "$(TARGET_NAME)";
				SWIFT_VERSION = 4.0;
				TARGETED_DEVICE_FAMILY = "1,2";
			};
			name = Release;
		};
		080C67811F85FCAA0073162C /* Debug */ = {
			isa = XCBuildConfiguration;
			buildSettings = {
				ALWAYS_EMBED_SWIFT_STANDARD_LIBRARIES = YES;
				BUNDLE_LOADER = "$(TEST_HOST)";
				CODE_SIGN_STYLE = Automatic;
				INFOPLIST_FILE = SmackChatTests/Info.plist;
				LD_RUNPATH_SEARCH_PATHS = "$(inherited) @executable_path/Frameworks @loader_path/Frameworks";
				PRODUCT_BUNDLE_IDENTIFIER = TinaSu.SmackChatTests;
				PRODUCT_NAME = "$(TARGET_NAME)";
				SWIFT_VERSION = 4.0;
				TARGETED_DEVICE_FAMILY = "1,2";
				TEST_HOST = "$(BUILT_PRODUCTS_DIR)/SmackChat.app/SmackChat";
			};
			name = Debug;
		};
		080C67821F85FCAA0073162C /* Release */ = {
			isa = XCBuildConfiguration;
			buildSettings = {
				ALWAYS_EMBED_SWIFT_STANDARD_LIBRARIES = YES;
				BUNDLE_LOADER = "$(TEST_HOST)";
				CODE_SIGN_STYLE = Automatic;
				INFOPLIST_FILE = SmackChatTests/Info.plist;
				LD_RUNPATH_SEARCH_PATHS = "$(inherited) @executable_path/Frameworks @loader_path/Frameworks";
				PRODUCT_BUNDLE_IDENTIFIER = TinaSu.SmackChatTests;
				PRODUCT_NAME = "$(TARGET_NAME)";
				SWIFT_VERSION = 4.0;
				TARGETED_DEVICE_FAMILY = "1,2";
				TEST_HOST = "$(BUILT_PRODUCTS_DIR)/SmackChat.app/SmackChat";
			};
			name = Release;
		};
		080C67841F85FCAA0073162C /* Debug */ = {
			isa = XCBuildConfiguration;
			buildSettings = {
				ALWAYS_EMBED_SWIFT_STANDARD_LIBRARIES = YES;
				CODE_SIGN_STYLE = Automatic;
				INFOPLIST_FILE = SmackChatUITests/Info.plist;
				LD_RUNPATH_SEARCH_PATHS = "$(inherited) @executable_path/Frameworks @loader_path/Frameworks";
				PRODUCT_BUNDLE_IDENTIFIER = TinaSu.SmackChatUITests;
				PRODUCT_NAME = "$(TARGET_NAME)";
				SWIFT_VERSION = 4.0;
				TARGETED_DEVICE_FAMILY = "1,2";
				TEST_TARGET_NAME = SmackChat;
			};
			name = Debug;
		};
		080C67851F85FCAA0073162C /* Release */ = {
			isa = XCBuildConfiguration;
			buildSettings = {
				ALWAYS_EMBED_SWIFT_STANDARD_LIBRARIES = YES;
				CODE_SIGN_STYLE = Automatic;
				INFOPLIST_FILE = SmackChatUITests/Info.plist;
				LD_RUNPATH_SEARCH_PATHS = "$(inherited) @executable_path/Frameworks @loader_path/Frameworks";
				PRODUCT_BUNDLE_IDENTIFIER = TinaSu.SmackChatUITests;
				PRODUCT_NAME = "$(TARGET_NAME)";
				SWIFT_VERSION = 4.0;
				TARGETED_DEVICE_FAMILY = "1,2";
				TEST_TARGET_NAME = SmackChat;
			};
			name = Release;
		};
/* End XCBuildConfiguration section */

/* Begin XCConfigurationList section */
		080C67501F85FCA90073162C /* Build configuration list for PBXProject "SmackChat" */ = {
			isa = XCConfigurationList;
			buildConfigurations = (
				080C677B1F85FCAA0073162C /* Debug */,
				080C677C1F85FCAA0073162C /* Release */,
			);
			defaultConfigurationIsVisible = 0;
			defaultConfigurationName = Release;
		};
		080C677D1F85FCAA0073162C /* Build configuration list for PBXNativeTarget "SmackChat" */ = {
			isa = XCConfigurationList;
			buildConfigurations = (
				080C677E1F85FCAA0073162C /* Debug */,
				080C677F1F85FCAA0073162C /* Release */,
			);
			defaultConfigurationIsVisible = 0;
			defaultConfigurationName = Release;
		};
		080C67801F85FCAA0073162C /* Build configuration list for PBXNativeTarget "SmackChatTests" */ = {
			isa = XCConfigurationList;
			buildConfigurations = (
				080C67811F85FCAA0073162C /* Debug */,
				080C67821F85FCAA0073162C /* Release */,
			);
			defaultConfigurationIsVisible = 0;
			defaultConfigurationName = Release;
		};
		080C67831F85FCAA0073162C /* Build configuration list for PBXNativeTarget "SmackChatUITests" */ = {
			isa = XCConfigurationList;
			buildConfigurations = (
				080C67841F85FCAA0073162C /* Debug */,
				080C67851F85FCAA0073162C /* Release */,
			);
			defaultConfigurationIsVisible = 0;
			defaultConfigurationName = Release;
		};
/* End XCConfigurationList section */
	};
	rootObject = 080C674D1F85FCA90073162C /* Project object */;
}
